// !$*UTF8*$!
{
	archiveVersion = 1;
	classes = {
	};
	objectVersion = 46;
	objects = {

/* Begin PBXAggregateTarget section */
		5BBD78ECD7B8499E8FB2EDB2 /* install */ = {
			isa = PBXAggregateTarget;
			buildConfigurationList = F3C87A4B80234971B91D1C39 /* Build configuration list for PBXAggregateTarget "install" */;
			buildPhases = (
				9DF6B4F3BF534ACE9499C442 /* CMake PostBuild Rules */,
			);
			dependencies = (
				FE6B65CFB80C44C1900338AB /* PBXTargetDependency */,
			);
			name = install;
			productName = install;
		};
		88AD3683365E4417A64DC859 /* ALL_BUILD */ = {
			isa = PBXAggregateTarget;
			buildConfigurationList = AA4B1F5B906944FDBC6ECB82 /* Build configuration list for PBXAggregateTarget "ALL_BUILD" */;
			buildPhases = (
				B6424115ED514861BDAD3EBD /* CMake Rules */,
			);
			dependencies = (
				77B1CE5A6DFB45A089EE93BB /* PBXTargetDependency */,
				621291ED7DFF46FBB5DB4590 /* PBXTargetDependency */,
			);
			name = ALL_BUILD;
			productName = ALL_BUILD;
		};
		C5CED729B2874C628D2252A8 /* ZERO_CHECK */ = {
			isa = PBXAggregateTarget;
			buildConfigurationList = 6290206536244732A5828988 /* Build configuration list for PBXAggregateTarget "ZERO_CHECK" */;
			buildPhases = (
				27ECFB55267A4EFB90884204 /* CMake Rules */,
			);
			dependencies = (
			);
			name = ZERO_CHECK;
			productName = ZERO_CHECK;
		};
/* End PBXAggregateTarget section */

/* Begin PBXBuildFile section */
		2362566767BB4C028DE83134 /* /Users/petros/Documents/projecteuler.net/Eul_2/src/main.cpp */ = {isa = PBXBuildFile; fileRef = 29A4977A02EE4A2C96A358C5 /* /Users/petros/Documents/projecteuler.net/Eul_2/src/main.cpp */; };
		BBCF9862751444ED9FE66B0B /* /Users/petros/Documents/projecteuler.net/Eul_2/src/CMakeLists.txt */ = {isa = PBXBuildFile; fileRef = 8321D836579844E5A3770390 /* /Users/petros/Documents/projecteuler.net/Eul_2/src/CMakeLists.txt */; };
/* End PBXBuildFile section */

/* Begin PBXBuildStyle section */
		3B369DD7023248CE96467096 /* Debug */ = {
			isa = PBXBuildStyle;
			buildSettings = {
				COPY_PHASE_STRIP = NO;
			};
			name = Debug;
		};
		5645D5CD91A2432C874AE133 /* Release */ = {
			isa = PBXBuildStyle;
			buildSettings = {
				COPY_PHASE_STRIP = NO;
			};
			name = Release;
		};
		66B1C2BA98234041B23869A8 /* MinSizeRel */ = {
			isa = PBXBuildStyle;
			buildSettings = {
				COPY_PHASE_STRIP = NO;
			};
			name = MinSizeRel;
		};
		BA24A090D65740B0AD28694D /* RelWithDebInfo */ = {
			isa = PBXBuildStyle;
			buildSettings = {
				COPY_PHASE_STRIP = NO;
			};
			name = RelWithDebInfo;
		};
/* End PBXBuildStyle section */

/* Begin PBXContainerItemProxy section */
		09B3BC28A4CF402A84650469 /* PBXContainerItemProxy */ = {
			isa = PBXContainerItemProxy;
			containerPortal = B89B6EF1C5DF4FE195C31358 /* Project object */;
			proxyType = 1;
			remoteGlobalIDString = C5CED729B2874C628D2252A8;
			remoteInfo = ZERO_CHECK;
		};
		30FF971C40F64D7F954EA557 /* PBXContainerItemProxy */ = {
			isa = PBXContainerItemProxy;
			containerPortal = B89B6EF1C5DF4FE195C31358 /* Project object */;
			proxyType = 1;
			remoteGlobalIDString = C5CED729B2874C628D2252A8;
			remoteInfo = ZERO_CHECK;
		};
		35AAE648314D4EC08C655E5E /* PBXContainerItemProxy */ = {
			isa = PBXContainerItemProxy;
			containerPortal = B89B6EF1C5DF4FE195C31358 /* Project object */;
			proxyType = 1;
			remoteGlobalIDString = C319FE8E9DC44768979761B4;
			remoteInfo = eul_2;
		};
		47E839D583314708B0EFC3AB /* PBXContainerItemProxy */ = {
			isa = PBXContainerItemProxy;
			containerPortal = B89B6EF1C5DF4FE195C31358 /* Project object */;
			proxyType = 1;
			remoteGlobalIDString = 88AD3683365E4417A64DC859;
			remoteInfo = ALL_BUILD;
		};
/* End PBXContainerItemProxy section */

/* Begin PBXFileReference section */
		29A4977A02EE4A2C96A358C5 /* /Users/petros/Documents/projecteuler.net/Eul_2/src/main.cpp */ = {isa = PBXFileReference; explicitFileType = sourcecode.cpp.cpp; fileEncoding = 4; name = main.cpp; path = src/main.cpp; sourceTree = SOURCE_ROOT; };
		8321D836579844E5A3770390 /* /Users/petros/Documents/projecteuler.net/Eul_2/src/CMakeLists.txt */ = {isa = PBXFileReference; explicitFileType = sourcecode.text; fileEncoding = 4; name = CMakeLists.txt; path = src/CMakeLists.txt; sourceTree = SOURCE_ROOT; };
		9B5928802771496989A6075C /* /Users/petros/Documents/projecteuler.net/Eul_2/CMakeLists.txt */ = {isa = PBXFileReference; explicitFileType = sourcecode.text; fileEncoding = 4; name = CMakeLists.txt; path = CMakeLists.txt; sourceTree = SOURCE_ROOT; };
		DE81622F83CC451F9A43277A /* /Users/petros/Documents/projecteuler.net/Eul_2/CMakeLists.txt */ = {isa = PBXFileReference; explicitFileType = sourcecode.text; fileEncoding = 4; name = CMakeLists.txt; path = CMakeLists.txt; sourceTree = SOURCE_ROOT; };
		EBC66EB9C3B645C683A30DDD /* eul_2 */ = {isa = PBXFileReference; explicitFileType = "compiled.mach-o.executable"; path = eul_2; sourceTree = BUILT_PRODUCTS_DIR; };
/* End PBXFileReference section */

/* Begin PBXGroup section */
		13C94C3E4A7E49F39E890251 /* CMake Rules */ = {
			isa = PBXGroup;
			children = (
			);
			name = "CMake Rules";
			sourceTree = "<group>";
		};
		5C7B3EA1EA5B4BFB9EC312E9 /* Products */ = {
			isa = PBXGroup;
			children = (
				EBC66EB9C3B645C683A30DDD /* eul_2 */,
			);
			name = Products;
			sourceTree = "<group>";
		};
		7E69CCFC50FC4660922AC09C = {
			isa = PBXGroup;
			children = (
				D75AEBCBEB83406883B54C4F /* ALL_BUILD */,
				DE03394E4FCD4F65966204B0 /* ZERO_CHECK */,
				AC1F5A832C6840A5A6976B51 /* eul_2 */,
				5C7B3EA1EA5B4BFB9EC312E9 /* Products */,
			);
			sourceTree = "<group>";
		};
		AA258BA84D89448DB2380497 /* Source Files */ = {
			isa = PBXGroup;
			children = (
				29A4977A02EE4A2C96A358C5 /* /Users/petros/Documents/projecteuler.net/Eul_2/src/main.cpp */,
			);
			name = "Source Files";
			sourceTree = "<group>";
		};
		AC1F5A832C6840A5A6976B51 /* eul_2 */ = {
			isa = PBXGroup;
			children = (
				AA258BA84D89448DB2380497 /* Source Files */,
				8321D836579844E5A3770390 /* /Users/petros/Documents/projecteuler.net/Eul_2/src/CMakeLists.txt */,
			);
			name = eul_2;
			sourceTree = "<group>";
		};
		AC538CCA288046EFA4C69BAF /* CMake Rules */ = {
			isa = PBXGroup;
			children = (
			);
			name = "CMake Rules";
			sourceTree = "<group>";
		};
		D75AEBCBEB83406883B54C4F /* ALL_BUILD */ = {
			isa = PBXGroup;
			children = (
				AC538CCA288046EFA4C69BAF /* CMake Rules */,
				9B5928802771496989A6075C /* /Users/petros/Documents/projecteuler.net/Eul_2/CMakeLists.txt */,
			);
			name = ALL_BUILD;
			sourceTree = "<group>";
		};
		DE03394E4FCD4F65966204B0 /* ZERO_CHECK */ = {
			isa = PBXGroup;
			children = (
				13C94C3E4A7E49F39E890251 /* CMake Rules */,
				DE81622F83CC451F9A43277A /* /Users/petros/Documents/projecteuler.net/Eul_2/CMakeLists.txt */,
			);
			name = ZERO_CHECK;
			sourceTree = "<group>";
		};
/* End PBXGroup section */

/* Begin PBXNativeTarget section */
		C319FE8E9DC44768979761B4 /* eul_2 */ = {
			isa = PBXNativeTarget;
			buildConfigurationList = 3B953DE48DD745868EB3C414 /* Build configuration list for PBXNativeTarget "eul_2" */;
			buildPhases = (
				AD908C97205B456DAE2D7456 /* Sources */,
			);
			buildRules = (
			);
			dependencies = (
				AC6896D4038045AF842F714D /* PBXTargetDependency */,
			);
			name = eul_2;
			productName = eul_2;
			productReference = EBC66EB9C3B645C683A30DDD /* eul_2 */;
			productType = "com.apple.product-type.tool";
		};
/* End PBXNativeTarget section */

/* Begin PBXProject section */
		B89B6EF1C5DF4FE195C31358 /* Project object */ = {
			isa = PBXProject;
			attributes = {
				BuildIndependentTargetsInParallel = YES;
				LastUpgradeCheck = 0900;
			};
			buildConfigurationList = DE4611071BC2405DA400DE7D /* Build configuration list for PBXProject "eul_2" */;
			buildSettings = {
			};
			buildStyles = (
				3B369DD7023248CE96467096 /* Debug */,
				5645D5CD91A2432C874AE133 /* Release */,
				66B1C2BA98234041B23869A8 /* MinSizeRel */,
				BA24A090D65740B0AD28694D /* RelWithDebInfo */,
			);
			compatibilityVersion = "Xcode 3.2";
			hasScannedForEncodings = 0;
			mainGroup = 7E69CCFC50FC4660922AC09C;
			projectDirPath = .;
			projectRoot = "";
			targets = (
				88AD3683365E4417A64DC859 /* ALL_BUILD */,
				C5CED729B2874C628D2252A8 /* ZERO_CHECK */,
				5BBD78ECD7B8499E8FB2EDB2 /* install */,
				C319FE8E9DC44768979761B4 /* eul_2 */,
			);
		};
/* End PBXProject section */

/* Begin PBXShellScriptBuildPhase section */
		08D60AFCB7EB4C7C98F11D0C = {
			isa = PBXShellScriptBuildPhase;
			buildActionMask = 2147483647;
			files = (
			);
			inputPaths = (
			);
			outputPaths = (
			);
			runOnlyForDeploymentPostprocessing = 0;
			shellPath = /bin/sh;
			shellScript = "# shell script goes here
exit 0";
			showEnvVarsInLog = 0;
		};
		1CDD02CE8DFE413F8608AB12 = {
			isa = PBXShellScriptBuildPhase;
			buildActionMask = 2147483647;
			files = (
			);
			inputPaths = (
			);
			outputPaths = (
			);
			runOnlyForDeploymentPostprocessing = 0;
			shellPath = /bin/sh;
			shellScript = "# shell script goes here
exit 0";
			showEnvVarsInLog = 0;
		};
		27ECFB55267A4EFB90884204 /* CMake Rules */ = {
			isa = PBXShellScriptBuildPhase;
			buildActionMask = 2147483647;
			files = (
			);
			name = "CMake Rules";
			runOnlyForDeploymentPostprocessing = 0;
			shellPath = /bin/sh;
			shellScript = "make -C /Users/petros/Documents/projecteuler.net/Eul_2 -f /Users/petros/Documents/projecteuler.net/Eul_2/CMakeScripts/ZERO_CHECK_cmakeRulesBuildPhase.make$CONFIGURATION all";
			showEnvVarsInLog = 0;
		};
		2B2650FC4FA74976B4149DB4 = {
			isa = PBXShellScriptBuildPhase;
			buildActionMask = 2147483647;
			files = (
			);
			inputPaths = (
			);
			outputPaths = (
			);
			runOnlyForDeploymentPostprocessing = 0;
			shellPath = /bin/sh;
			shellScript = "# shell script goes here
exit 0";
			showEnvVarsInLog = 0;
		};
		9DF6B4F3BF534ACE9499C442 /* CMake PostBuild Rules */ = {
			isa = PBXShellScriptBuildPhase;
			buildActionMask = 2147483647;
			files = (
			);
			name = "CMake PostBuild Rules";
			runOnlyForDeploymentPostprocessing = 0;
			shellPath = /bin/sh;
			shellScript = "make -C /Users/petros/Documents/projecteuler.net/Eul_2 -f /Users/petros/Documents/projecteuler.net/Eul_2/CMakeScripts/install_postBuildPhase.make$CONFIGURATION all";
			showEnvVarsInLog = 0;
		};
		B6424115ED514861BDAD3EBD /* CMake Rules */ = {
			isa = PBXShellScriptBuildPhase;
			buildActionMask = 2147483647;
			files = (
			);
			name = "CMake Rules";
			runOnlyForDeploymentPostprocessing = 0;
			shellPath = /bin/sh;
			shellScript = "make -C /Users/petros/Documents/projecteuler.net/Eul_2 -f /Users/petros/Documents/projecteuler.net/Eul_2/CMakeScripts/ALL_BUILD_cmakeRulesBuildPhase.make$CONFIGURATION all";
			showEnvVarsInLog = 0;
		};
/* End PBXShellScriptBuildPhase section */

/* Begin PBXSourcesBuildPhase section */
		AD908C97205B456DAE2D7456 /* Sources */ = {
			isa = PBXSourcesBuildPhase;
			buildActionMask = 2147483647;
			files = (
				2362566767BB4C028DE83134 /* /Users/petros/Documents/projecteuler.net/Eul_2/src/main.cpp */,
			);
			runOnlyForDeploymentPostprocessing = 0;
		};
/* End PBXSourcesBuildPhase section */

/* Begin PBXTargetDependency section */
		621291ED7DFF46FBB5DB4590 /* PBXTargetDependency */ = {
			isa = PBXTargetDependency;
			target = C5CED729B2874C628D2252A8 /* ZERO_CHECK */;
			targetProxy = 30FF971C40F64D7F954EA557 /* PBXContainerItemProxy */;
		};
		77B1CE5A6DFB45A089EE93BB /* PBXTargetDependency */ = {
			isa = PBXTargetDependency;
			target = C319FE8E9DC44768979761B4 /* eul_2 */;
			targetProxy = 35AAE648314D4EC08C655E5E /* PBXContainerItemProxy */;
		};
		AC6896D4038045AF842F714D /* PBXTargetDependency */ = {
			isa = PBXTargetDependency;
			target = C5CED729B2874C628D2252A8 /* ZERO_CHECK */;
			targetProxy = 09B3BC28A4CF402A84650469 /* PBXContainerItemProxy */;
		};
		FE6B65CFB80C44C1900338AB /* PBXTargetDependency */ = {
			isa = PBXTargetDependency;
			target = 88AD3683365E4417A64DC859 /* ALL_BUILD */;
			targetProxy = 47E839D583314708B0EFC3AB /* PBXContainerItemProxy */;
		};
/* End PBXTargetDependency section */

/* Begin XCBuildConfiguration section */
		0A088E0EED394F27B41E1B0D /* RelWithDebInfo */ = {
			isa = XCBuildConfiguration;
			buildSettings = {
				MACOSX_DEPLOYMENT_TARGET = 10.12;
				ONLY_ACTIVE_ARCH = YES;
				SDKROOT = /Applications/Xcode.app/Contents/Developer/Platforms/MacOSX.platform/Developer/SDKs/MacOSX10.13.sdk;
				SYMROOT = /Users/petros/Documents/projecteuler.net/Eul_2/build;
			};
			name = RelWithDebInfo;
		};
		0A90B5B1020B466A9291A73B /* Debug */ = {
			isa = XCBuildConfiguration;
			buildSettings = {
				COMBINE_HIDPI_IMAGES = YES;
				GCC_GENERATE_DEBUGGING_SYMBOLS = YES;
				GCC_INLINES_ARE_PRIVATE_EXTERN = NO;
				GCC_OPTIMIZATION_LEVEL = 0;
				GCC_PREPROCESSOR_DEFINITIONS = ("'CMAKE_INTDIR=\"$(CONFIGURATION)$(EFFECTIVE_PLATFORM_NAME)\"'");
				GCC_SYMBOLS_PRIVATE_EXTERN = NO;
				HEADER_SEARCH_PATHS = (/Users/petros/Documents/projecteuler.net/Eul_2/src/headers);
				INSTALL_PATH = "";
				OTHER_LDFLAGS = " ";
				OTHER_REZFLAGS = "";
				PRODUCT_NAME = ALL_BUILD;
				SECTORDER_FLAGS = "";
				SYMROOT = /Users/petros/Documents/projecteuler.net/Eul_2;
				USE_HEADERMAP = NO;
				WARNING_CFLAGS = ("-Wmost","-Wno-four-char-constants","-Wno-unknown-pragmas","$(inherited)");
			};
			name = Debug;
		};
		1999848C941E4AD69DA75372 /* Debug */ = {
			isa = XCBuildConfiguration;
			buildSettings = {
				MACOSX_DEPLOYMENT_TARGET = 10.12;
				ONLY_ACTIVE_ARCH = YES;
				SDKROOT = /Applications/Xcode.app/Contents/Developer/Platforms/MacOSX.platform/Developer/SDKs/MacOSX10.13.sdk;
				SYMROOT = /Users/petros/Documents/projecteuler.net/Eul_2/build;
			};
			name = Debug;
		};
		1A8D431A1334416AAE025B56 /* RelWithDebInfo */ = {
			isa = XCBuildConfiguration;
			buildSettings = {
				COMBINE_HIDPI_IMAGES = YES;
				GCC_GENERATE_DEBUGGING_SYMBOLS = YES;
				GCC_INLINES_ARE_PRIVATE_EXTERN = NO;
				GCC_OPTIMIZATION_LEVEL = 0;
				GCC_PREPROCESSOR_DEFINITIONS = ("'CMAKE_INTDIR=\"$(CONFIGURATION)$(EFFECTIVE_PLATFORM_NAME)\"'");
				GCC_SYMBOLS_PRIVATE_EXTERN = NO;
				HEADER_SEARCH_PATHS = (/Users/petros/Documents/projecteuler.net/Eul_2/src/headers);
				INSTALL_PATH = "";
				OTHER_LDFLAGS = " ";
				OTHER_REZFLAGS = "";
				PRODUCT_NAME = ALL_BUILD;
				SECTORDER_FLAGS = "";
				SYMROOT = /Users/petros/Documents/projecteuler.net/Eul_2;
				USE_HEADERMAP = NO;
				WARNING_CFLAGS = ("-Wmost","-Wno-four-char-constants","-Wno-unknown-pragmas","$(inherited)");
			};
			name = RelWithDebInfo;
		};
		22EB1B1BAC6545E18250CFD5 /* RelWithDebInfo */ = {
			isa = XCBuildConfiguration;
			buildSettings = {
				COMBINE_HIDPI_IMAGES = YES;
				GCC_GENERATE_DEBUGGING_SYMBOLS = YES;
				GCC_INLINES_ARE_PRIVATE_EXTERN = NO;
				GCC_OPTIMIZATION_LEVEL = 0;
				GCC_PREPROCESSOR_DEFINITIONS = ("'CMAKE_INTDIR=\"$(CONFIGURATION)$(EFFECTIVE_PLATFORM_NAME)\"'");
				GCC_SYMBOLS_PRIVATE_EXTERN = NO;
				HEADER_SEARCH_PATHS = (/Users/petros/Documents/projecteuler.net/Eul_2/src/headers);
				INSTALL_PATH = "";
				OTHER_LDFLAGS = " ";
				OTHER_REZFLAGS = "";
				PRODUCT_NAME = install;
				SECTORDER_FLAGS = "";
				SYMROOT = /Users/petros/Documents/projecteuler.net/Eul_2;
				USE_HEADERMAP = NO;
				WARNING_CFLAGS = ("-Wmost","-Wno-four-char-constants","-Wno-unknown-pragmas","$(inherited)");
			};
			name = RelWithDebInfo;
		};
		2EFB0C1D7E7E4FED9B35F3A9 /* Debug */ = {
			isa = XCBuildConfiguration;
			buildSettings = {
				COMBINE_HIDPI_IMAGES = YES;
				CONFIGURATION_BUILD_DIR = /Users/petros/Documents/projecteuler.net/Eul_2/build/bin/Debug;
				EXECUTABLE_PREFIX = "";
				EXECUTABLE_SUFFIX = "";
				GCC_GENERATE_DEBUGGING_SYMBOLS = YES;
				GCC_INLINES_ARE_PRIVATE_EXTERN = NO;
				GCC_OPTIMIZATION_LEVEL = 0;
				GCC_PREPROCESSOR_DEFINITIONS = ("'CMAKE_INTDIR=\"$(CONFIGURATION)$(EFFECTIVE_PLATFORM_NAME)\"'","'GIT_BRANCH=Unknown'");
				GCC_SYMBOLS_PRIVATE_EXTERN = NO;
				HEADER_SEARCH_PATHS = (/Users/petros/Documents/projecteuler.net/Eul_2/src,/Users/petros/Documents/projecteuler.net/Eul_2/src/headers);
				INSTALL_PATH = "";
				LIBRARY_SEARCH_PATHS = "";
				OTHER_CPLUSPLUSFLAGS = "    ";
				OTHER_LDFLAGS = " -Wl,-search_paths_first -Wl,-headerpad_max_install_names  ";
				OTHER_REZFLAGS = "";
				PRODUCT_NAME = eul_2;
				SECTORDER_FLAGS = "";
				SYMROOT = /Users/petros/Documents/projecteuler.net/Eul_2/src;
				USE_HEADERMAP = NO;
				WARNING_CFLAGS = ("-Wmost","-Wno-four-char-constants","-Wno-unknown-pragmas","$(inherited)");
			};
			name = Debug;
		};
		2F301EFDF812486B8DB04384 /* RelWithDebInfo */ = {
			isa = XCBuildConfiguration;
			buildSettings = {
				COMBINE_HIDPI_IMAGES = YES;
				CONFIGURATION_BUILD_DIR = /Users/petros/Documents/projecteuler.net/Eul_2/build/bin/RelWithDebInfo;
				EXECUTABLE_PREFIX = "";
				EXECUTABLE_SUFFIX = "";
				GCC_GENERATE_DEBUGGING_SYMBOLS = YES;
				GCC_INLINES_ARE_PRIVATE_EXTERN = NO;
				GCC_OPTIMIZATION_LEVEL = 2;
				GCC_PREPROCESSOR_DEFINITIONS = ("'CMAKE_INTDIR=\"$(CONFIGURATION)$(EFFECTIVE_PLATFORM_NAME)\"'","'GIT_BRANCH=Unknown'");
				GCC_SYMBOLS_PRIVATE_EXTERN = NO;
				HEADER_SEARCH_PATHS = (/Users/petros/Documents/projecteuler.net/Eul_2/src,/Users/petros/Documents/projecteuler.net/Eul_2/src/headers);
				INSTALL_PATH = "";
				LIBRARY_SEARCH_PATHS = "";
				OTHER_CPLUSPLUSFLAGS = "       -DNDEBUG  ";
				OTHER_LDFLAGS = " -Wl,-search_paths_first -Wl,-headerpad_max_install_names  ";
				OTHER_REZFLAGS = "";
				PRODUCT_NAME = eul_2;
				SECTORDER_FLAGS = "";
				SYMROOT = /Users/petros/Documents/projecteuler.net/Eul_2/src;
				USE_HEADERMAP = NO;
				WARNING_CFLAGS = ("-Wmost","-Wno-four-char-constants","-Wno-unknown-pragmas","$(inherited)");
			};
			name = RelWithDebInfo;
		};
		3FFD2DB7090E4B4FB7A9916D /* Debug */ = {
			isa = XCBuildConfiguration;
			buildSettings = {
				COMBINE_HIDPI_IMAGES = YES;
				GCC_GENERATE_DEBUGGING_SYMBOLS = YES;
				GCC_INLINES_ARE_PRIVATE_EXTERN = NO;
				GCC_OPTIMIZATION_LEVEL = 0;
				GCC_PREPROCESSOR_DEFINITIONS = ("'CMAKE_INTDIR=\"$(CONFIGURATION)$(EFFECTIVE_PLATFORM_NAME)\"'");
				GCC_SYMBOLS_PRIVATE_EXTERN = NO;
				HEADER_SEARCH_PATHS = (/Users/petros/Documents/projecteuler.net/Eul_2/src/headers);
				INSTALL_PATH = "";
				OTHER_LDFLAGS = " ";
				OTHER_REZFLAGS = "";
				PRODUCT_NAME = install;
				SECTORDER_FLAGS = "";
				SYMROOT = /Users/petros/Documents/projecteuler.net/Eul_2;
				USE_HEADERMAP = NO;
				WARNING_CFLAGS = ("-Wmost","-Wno-four-char-constants","-Wno-unknown-pragmas","$(inherited)");
			};
			name = Debug;
		};
		58A2A54283F44DF98ACB5880 /* Release */ = {
			isa = XCBuildConfiguration;
			buildSettings = {
				COMBINE_HIDPI_IMAGES = YES;
				CONFIGURATION_BUILD_DIR = /Users/petros/Documents/projecteuler.net/Eul_2/build/bin/Release;
				EXECUTABLE_PREFIX = "";
				EXECUTABLE_SUFFIX = "";
				GCC_GENERATE_DEBUGGING_SYMBOLS = NO;
				GCC_INLINES_ARE_PRIVATE_EXTERN = NO;
				GCC_OPTIMIZATION_LEVEL = 3;
				GCC_PREPROCESSOR_DEFINITIONS = ("'CMAKE_INTDIR=\"$(CONFIGURATION)$(EFFECTIVE_PLATFORM_NAME)\"'","'GIT_BRANCH=Unknown'");
				GCC_SYMBOLS_PRIVATE_EXTERN = NO;
				HEADER_SEARCH_PATHS = (/Users/petros/Documents/projecteuler.net/Eul_2/src,/Users/petros/Documents/projecteuler.net/Eul_2/src/headers);
				INSTALL_PATH = "";
				LIBRARY_SEARCH_PATHS = "";
				OTHER_CPLUSPLUSFLAGS = "    -DNDEBUG  ";
				OTHER_LDFLAGS = " -Wl,-search_paths_first -Wl,-headerpad_max_install_names  ";
				OTHER_REZFLAGS = "";
				PRODUCT_NAME = eul_2;
				SECTORDER_FLAGS = "";
				SYMROOT = /Users/petros/Documents/projecteuler.net/Eul_2/src;
				USE_HEADERMAP = NO;
				WARNING_CFLAGS = ("-Wmost","-Wno-four-char-constants","-Wno-unknown-pragmas","$(inherited)");
			};
			name = Release;
		};
		5B69140651A94F23ADCC9DD1 /* Debug */ = {
			isa = XCBuildConfiguration;
			buildSettings = {
				COMBINE_HIDPI_IMAGES = YES;
				GCC_GENERATE_DEBUGGING_SYMBOLS = YES;
				GCC_INLINES_ARE_PRIVATE_EXTERN = NO;
				GCC_OPTIMIZATION_LEVEL = 0;
				GCC_PREPROCESSOR_DEFINITIONS = ("'CMAKE_INTDIR=\"$(CONFIGURATION)$(EFFECTIVE_PLATFORM_NAME)\"'");
				GCC_SYMBOLS_PRIVATE_EXTERN = NO;
				HEADER_SEARCH_PATHS = (/Users/petros/Documents/projecteuler.net/Eul_2/src/headers);
				INSTALL_PATH = "";
				OTHER_LDFLAGS = " ";
				OTHER_REZFLAGS = "";
				PRODUCT_NAME = ZERO_CHECK;
				SECTORDER_FLAGS = "";
				SYMROOT = /Users/petros/Documents/projecteuler.net/Eul_2;
				USE_HEADERMAP = NO;
				WARNING_CFLAGS = ("-Wmost","-Wno-four-char-constants","-Wno-unknown-pragmas","$(inherited)");
			};
			name = Debug;
		};
		7B315EF5CF7545A49FBFF638 /* Release */ = {
			isa = XCBuildConfiguration;
			buildSettings = {
				COMBINE_HIDPI_IMAGES = YES;
				GCC_GENERATE_DEBUGGING_SYMBOLS = YES;
				GCC_INLINES_ARE_PRIVATE_EXTERN = NO;
				GCC_OPTIMIZATION_LEVEL = 0;
				GCC_PREPROCESSOR_DEFINITIONS = ("'CMAKE_INTDIR=\"$(CONFIGURATION)$(EFFECTIVE_PLATFORM_NAME)\"'");
				GCC_SYMBOLS_PRIVATE_EXTERN = NO;
				HEADER_SEARCH_PATHS = (/Users/petros/Documents/projecteuler.net/Eul_2/src/headers);
				INSTALL_PATH = "";
				OTHER_LDFLAGS = " ";
				OTHER_REZFLAGS = "";
				PRODUCT_NAME = ZERO_CHECK;
				SECTORDER_FLAGS = "";
				SYMROOT = /Users/petros/Documents/projecteuler.net/Eul_2;
				USE_HEADERMAP = NO;
				WARNING_CFLAGS = ("-Wmost","-Wno-four-char-constants","-Wno-unknown-pragmas","$(inherited)");
			};
			name = Release;
		};
		7D9A182254A448BC9CF9DA8E /* MinSizeRel */ = {
			isa = XCBuildConfiguration;
			buildSettings = {
				COMBINE_HIDPI_IMAGES = YES;
				CONFIGURATION_BUILD_DIR = /Users/petros/Documents/projecteuler.net/Eul_2/build/bin/MinSizeRel;
				EXECUTABLE_PREFIX = "";
				EXECUTABLE_SUFFIX = "";
				GCC_GENERATE_DEBUGGING_SYMBOLS = NO;
				GCC_INLINES_ARE_PRIVATE_EXTERN = NO;
				GCC_OPTIMIZATION_LEVEL = s;
				GCC_PREPROCESSOR_DEFINITIONS = ("'CMAKE_INTDIR=\"$(CONFIGURATION)$(EFFECTIVE_PLATFORM_NAME)\"'","'GIT_BRANCH=Unknown'");
				GCC_SYMBOLS_PRIVATE_EXTERN = NO;
				HEADER_SEARCH_PATHS = (/Users/petros/Documents/projecteuler.net/Eul_2/src,/Users/petros/Documents/projecteuler.net/Eul_2/src/headers);
				INSTALL_PATH = "";
				LIBRARY_SEARCH_PATHS = "";
				OTHER_CPLUSPLUSFLAGS = "    -DNDEBUG  ";
				OTHER_LDFLAGS = " -Wl,-search_paths_first -Wl,-headerpad_max_install_names  ";
				OTHER_REZFLAGS = "";
				PRODUCT_NAME = eul_2;
				SECTORDER_FLAGS = "";
				SYMROOT = /Users/petros/Documents/projecteuler.net/Eul_2/src;
				USE_HEADERMAP = NO;
				WARNING_CFLAGS = ("-Wmost","-Wno-four-char-constants","-Wno-unknown-pragmas","$(inherited)");
			};
			name = MinSizeRel;
		};
		83CED81C83FB4774A2D31566 /* Release */ = {
			isa = XCBuildConfiguration;
			buildSettings = {
				COMBINE_HIDPI_IMAGES = YES;
				GCC_GENERATE_DEBUGGING_SYMBOLS = YES;
				GCC_INLINES_ARE_PRIVATE_EXTERN = NO;
				GCC_OPTIMIZATION_LEVEL = 0;
				GCC_PREPROCESSOR_DEFINITIONS = ("'CMAKE_INTDIR=\"$(CONFIGURATION)$(EFFECTIVE_PLATFORM_NAME)\"'");
				GCC_SYMBOLS_PRIVATE_EXTERN = NO;
				HEADER_SEARCH_PATHS = (/Users/petros/Documents/projecteuler.net/Eul_2/src/headers);
				INSTALL_PATH = "";
				OTHER_LDFLAGS = " ";
				OTHER_REZFLAGS = "";
				PRODUCT_NAME = ALL_BUILD;
				SECTORDER_FLAGS = "";
				SYMROOT = /Users/petros/Documents/projecteuler.net/Eul_2;
				USE_HEADERMAP = NO;
				WARNING_CFLAGS = ("-Wmost","-Wno-four-char-constants","-Wno-unknown-pragmas","$(inherited)");
			};
			name = Release;
		};
		8E896BC15D894177840C4E36 /* RelWithDebInfo */ = {
			isa = XCBuildConfiguration;
			buildSettings = {
				COMBINE_HIDPI_IMAGES = YES;
				GCC_GENERATE_DEBUGGING_SYMBOLS = YES;
				GCC_INLINES_ARE_PRIVATE_EXTERN = NO;
				GCC_OPTIMIZATION_LEVEL = 0;
				GCC_PREPROCESSOR_DEFINITIONS = ("'CMAKE_INTDIR=\"$(CONFIGURATION)$(EFFECTIVE_PLATFORM_NAME)\"'");
				GCC_SYMBOLS_PRIVATE_EXTERN = NO;
				HEADER_SEARCH_PATHS = (/Users/petros/Documents/projecteuler.net/Eul_2/src/headers);
				INSTALL_PATH = "";
				OTHER_LDFLAGS = " ";
				OTHER_REZFLAGS = "";
				PRODUCT_NAME = ZERO_CHECK;
				SECTORDER_FLAGS = "";
				SYMROOT = /Users/petros/Documents/projecteuler.net/Eul_2;
				USE_HEADERMAP = NO;
				WARNING_CFLAGS = ("-Wmost","-Wno-four-char-constants","-Wno-unknown-pragmas","$(inherited)");
			};
			name = RelWithDebInfo;
		};
		986FADBCC08248F598205A58 /* Release */ = {
			isa = XCBuildConfiguration;
			buildSettings = {
				MACOSX_DEPLOYMENT_TARGET = 10.12;
				ONLY_ACTIVE_ARCH = YES;
				SDKROOT = /Applications/Xcode.app/Contents/Developer/Platforms/MacOSX.platform/Developer/SDKs/MacOSX10.13.sdk;
				SYMROOT = /Users/petros/Documents/projecteuler.net/Eul_2/build;
			};
			name = Release;
		};
		9D44816CE053469795480E02 /* Release */ = {
			isa = XCBuildConfiguration;
			buildSettings = {
				COMBINE_HIDPI_IMAGES = YES;
				GCC_GENERATE_DEBUGGING_SYMBOLS = YES;
				GCC_INLINES_ARE_PRIVATE_EXTERN = NO;
				GCC_OPTIMIZATION_LEVEL = 0;
				GCC_PREPROCESSOR_DEFINITIONS = ("'CMAKE_INTDIR=\"$(CONFIGURATION)$(EFFECTIVE_PLATFORM_NAME)\"'");
				GCC_SYMBOLS_PRIVATE_EXTERN = NO;
				HEADER_SEARCH_PATHS = (/Users/petros/Documents/projecteuler.net/Eul_2/src/headers);
				INSTALL_PATH = "";
				OTHER_LDFLAGS = " ";
				OTHER_REZFLAGS = "";
				PRODUCT_NAME = install;
				SECTORDER_FLAGS = "";
				SYMROOT = /Users/petros/Documents/projecteuler.net/Eul_2;
				USE_HEADERMAP = NO;
				WARNING_CFLAGS = ("-Wmost","-Wno-four-char-constants","-Wno-unknown-pragmas","$(inherited)");
			};
			name = Release;
		};
		9E03FEB6F7E14E0BB7F15822 /* MinSizeRel */ = {
			isa = XCBuildConfiguration;
			buildSettings = {
				MACOSX_DEPLOYMENT_TARGET = 10.12;
				ONLY_ACTIVE_ARCH = YES;
				SDKROOT = /Applications/Xcode.app/Contents/Developer/Platforms/MacOSX.platform/Developer/SDKs/MacOSX10.13.sdk;
				SYMROOT = /Users/petros/Documents/projecteuler.net/Eul_2/build;
			};
			name = MinSizeRel;
		};
		BA2C77934973461C941FE11A /* MinSizeRel */ = {
			isa = XCBuildConfiguration;
			buildSettings = {
				COMBINE_HIDPI_IMAGES = YES;
				GCC_GENERATE_DEBUGGING_SYMBOLS = YES;
				GCC_INLINES_ARE_PRIVATE_EXTERN = NO;
				GCC_OPTIMIZATION_LEVEL = 0;
				GCC_PREPROCESSOR_DEFINITIONS = ("'CMAKE_INTDIR=\"$(CONFIGURATION)$(EFFECTIVE_PLATFORM_NAME)\"'");
				GCC_SYMBOLS_PRIVATE_EXTERN = NO;
				HEADER_SEARCH_PATHS = (/Users/petros/Documents/projecteuler.net/Eul_2/src/headers);
				INSTALL_PATH = "";
				OTHER_LDFLAGS = " ";
				OTHER_REZFLAGS = "";
				PRODUCT_NAME = ZERO_CHECK;
				SECTORDER_FLAGS = "";
				SYMROOT = /Users/petros/Documents/projecteuler.net/Eul_2;
				USE_HEADERMAP = NO;
				WARNING_CFLAGS = ("-Wmost","-Wno-four-char-constants","-Wno-unknown-pragmas","$(inherited)");
			};
			name = MinSizeRel;
		};
		D7F2093A48954ED9BDA11650 /* MinSizeRel */ = {
			isa = XCBuildConfiguration;
			buildSettings = {
				COMBINE_HIDPI_IMAGES = YES;
				GCC_GENERATE_DEBUGGING_SYMBOLS = YES;
				GCC_INLINES_ARE_PRIVATE_EXTERN = NO;
				GCC_OPTIMIZATION_LEVEL = 0;
				GCC_PREPROCESSOR_DEFINITIONS = ("'CMAKE_INTDIR=\"$(CONFIGURATION)$(EFFECTIVE_PLATFORM_NAME)\"'");
				GCC_SYMBOLS_PRIVATE_EXTERN = NO;
				HEADER_SEARCH_PATHS = (/Users/petros/Documents/projecteuler.net/Eul_2/src/headers);
				INSTALL_PATH = "";
				OTHER_LDFLAGS = " ";
				OTHER_REZFLAGS = "";
				PRODUCT_NAME = ALL_BUILD;
				SECTORDER_FLAGS = "";
				SYMROOT = /Users/petros/Documents/projecteuler.net/Eul_2;
				USE_HEADERMAP = NO;
				WARNING_CFLAGS = ("-Wmost","-Wno-four-char-constants","-Wno-unknown-pragmas","$(inherited)");
			};
			name = MinSizeRel;
		};
		F12FFF8A007647F89C66E40E /* MinSizeRel */ = {
			isa = XCBuildConfiguration;
			buildSettings = {
				COMBINE_HIDPI_IMAGES = YES;
				GCC_GENERATE_DEBUGGING_SYMBOLS = YES;
				GCC_INLINES_ARE_PRIVATE_EXTERN = NO;
				GCC_OPTIMIZATION_LEVEL = 0;
				GCC_PREPROCESSOR_DEFINITIONS = ("'CMAKE_INTDIR=\"$(CONFIGURATION)$(EFFECTIVE_PLATFORM_NAME)\"'");
				GCC_SYMBOLS_PRIVATE_EXTERN = NO;
				HEADER_SEARCH_PATHS = (/Users/petros/Documents/projecteuler.net/Eul_2/src/headers);
				INSTALL_PATH = "";
				OTHER_LDFLAGS = " ";
				OTHER_REZFLAGS = "";
				PRODUCT_NAME = install;
				SECTORDER_FLAGS = "";
				SYMROOT = /Users/petros/Documents/projecteuler.net/Eul_2;
				USE_HEADERMAP = NO;
				WARNING_CFLAGS = ("-Wmost","-Wno-four-char-constants","-Wno-unknown-pragmas","$(inherited)");
			};
			name = MinSizeRel;
		};
/* End XCBuildConfiguration section */

/* Begin XCConfigurationList section */
		3B953DE48DD745868EB3C414 /* Build configuration list for PBXNativeTarget "eul_2" */ = {
			isa = XCConfigurationList;
			buildConfigurations = (
				2EFB0C1D7E7E4FED9B35F3A9 /* Debug */,
				58A2A54283F44DF98ACB5880 /* Release */,
				7D9A182254A448BC9CF9DA8E /* MinSizeRel */,
				2F301EFDF812486B8DB04384 /* RelWithDebInfo */,
			);
			defaultConfigurationIsVisible = 0;
			defaultConfigurationName = Debug;
		};
		6290206536244732A5828988 /* Build configuration list for PBXAggregateTarget "ZERO_CHECK" */ = {
			isa = XCConfigurationList;
			buildConfigurations = (
				5B69140651A94F23ADCC9DD1 /* Debug */,
				7B315EF5CF7545A49FBFF638 /* Release */,
				BA2C77934973461C941FE11A /* MinSizeRel */,
				8E896BC15D894177840C4E36 /* RelWithDebInfo */,
			);
			defaultConfigurationIsVisible = 0;
			defaultConfigurationName = Debug;
		};
		AA4B1F5B906944FDBC6ECB82 /* Build configuration list for PBXAggregateTarget "ALL_BUILD" */ = {
			isa = XCConfigurationList;
			buildConfigurations = (
				0A90B5B1020B466A9291A73B /* Debug */,
				83CED81C83FB4774A2D31566 /* Release */,
				D7F2093A48954ED9BDA11650 /* MinSizeRel */,
				1A8D431A1334416AAE025B56 /* RelWithDebInfo */,
			);
			defaultConfigurationIsVisible = 0;
			defaultConfigurationName = Debug;
		};
		DE4611071BC2405DA400DE7D /* Build configuration list for PBXProject "eul_2" */ = {
			isa = XCConfigurationList;
			buildConfigurations = (
				1999848C941E4AD69DA75372 /* Debug */,
				986FADBCC08248F598205A58 /* Release */,
				9E03FEB6F7E14E0BB7F15822 /* MinSizeRel */,
				0A088E0EED394F27B41E1B0D /* RelWithDebInfo */,
			);
			defaultConfigurationIsVisible = 0;
			defaultConfigurationName = Debug;
		};
		F3C87A4B80234971B91D1C39 /* Build configuration list for PBXAggregateTarget "install" */ = {
			isa = XCConfigurationList;
			buildConfigurations = (
				3FFD2DB7090E4B4FB7A9916D /* Debug */,
				9D44816CE053469795480E02 /* Release */,
				F12FFF8A007647F89C66E40E /* MinSizeRel */,
				22EB1B1BAC6545E18250CFD5 /* RelWithDebInfo */,
			);
			defaultConfigurationIsVisible = 0;
			defaultConfigurationName = Debug;
		};
/* End XCConfigurationList section */
	};
	rootObject = B89B6EF1C5DF4FE195C31358 /* Project object */;
}
